
Microsoft Visual Studio Solution File, Format Version 12.00
# Visual Studio 14
VisualStudioVersion = 14.0.25420.1
MinimumVisualStudioVersion = 10.0.40219.1
Project("{FAE04EC0-301F-11D3-BF4B-00C04F79EFBC}") = "addressbook-web-test", "addressbook-web-test\addressbook-web-test.csproj", "{09C7C7A2-53BC-45B5-B280-1B76A03F86F1}"
EndProject
Project("{FAE04EC0-301F-11D3-BF4B-00C04F79EFBC}") = "addressbook-test-data-generators", "addressbook-test-data-generators\addressbook-test-data-generators.csproj", "{E4547BCE-D17D-4601-BA37-05451BB04B13}"
	ProjectSection(ProjectDependencies) = postProject
		{09C7C7A2-53BC-45B5-B280-1B76A03F86F1} = {09C7C7A2-53BC-45B5-B280-1B76A03F86F1}
	EndProjectSection
EndProject
Global
	GlobalSection(SolutionConfigurationPlatforms) = preSolution
		Debug|Any CPU = Debug|Any CPU
		Release|Any CPU = Release|Any CPU
	EndGlobalSection
	GlobalSection(ProjectConfigurationPlatforms) = postSolution
		{09C7C7A2-53BC-45B5-B280-1B76A03F86F1}.Debug|Any CPU.ActiveCfg = Debug|Any CPU
		{09C7C7A2-53BC-45B5-B280-1B76A03F86F1}.Debug|Any CPU.Build.0 = Debug|Any CPU
		{09C7C7A2-53BC-45B5-B280-1B76A03F86F1}.Release|Any CPU.ActiveCfg = Release|Any CPU
		{09C7C7A2-53BC-45B5-B280-1B76A03F86F1}.Release|Any CPU.Build.0 = Release|Any CPU
		{E4547BCE-D17D-4601-BA37-05451BB04B13}.Debug|Any CPU.ActiveCfg = Debug|Any CPU
		{E4547BCE-D17D-4601-BA37-05451BB04B13}.Debug|Any CPU.Build.0 = Debug|Any CPU
		{E4547BCE-D17D-4601-BA37-05451BB04B13}.Release|Any CPU.ActiveCfg = Release|Any CPU
		{E4547BCE-D17D-4601-BA37-05451BB04B13}.Release|Any CPU.Build.0 = Release|Any CPU
	EndGlobalSection
	GlobalSection(SolutionProperties) = preSolution
		HideSolutionNode = FALSE
	EndGlobalSection
EndGlobal
